<Solution>
  <Folder Name="/Information/">
    <File Path="prompt-atelier1.md" />
    <File Path="prompt-atelier2.md" />
    <File Path="README.md" />
  </Folder>
  <Project Path="HomeInsurance.LinearScripting/HomeInsurance.LinearScripting.csproj" />
  <Project Path="HomeInsurance.Reqnroll.Tests/HomeInsurance.Reqnroll.Tests.csproj" />
  <Project Path="HomeInsurrance.KeywordDriven.Tests/HomeInsurrance.KeywordDriven.Tests.csproj" Id="fe18aabb-863e-467c-ad77-4995549789b9" />
</Solution>
